
Microsoft Visual Studio Solution File, Format Version 12.00
# Visual Studio 15
VisualStudioVersion = 15.0.26124.0
MinimumVisualStudioVersion = 15.0.26124.0
Project("{FAE04EC0-301F-11D3-BF4B-00C04F79EFBC}") = "lifbi.sanduhr.logic", "lifbi.sanduhr.logic\lifbi.sanduhr.logic.csproj", "{1DB6A87E-FE9A-470A-B465-166C026C7F9B}"
EndProject
Project("{FAE04EC0-301F-11D3-BF4B-00C04F79EFBC}") = "lifbi.sanduhr.test", "lifbi.sanduhr.test\lifbi.sanduhr.test.csproj", "{480D25F9-575D-4D27-8B0E-CD7BF4B02764}"
EndProject
Global
	GlobalSection(SolutionConfigurationPlatforms) = preSolution
		Debug|Any CPU = Debug|Any CPU
		Debug|x64 = Debug|x64
		Debug|x86 = Debug|x86
		Release|Any CPU = Release|Any CPU
		Release|x64 = Release|x64
		Release|x86 = Release|x86
	EndGlobalSection
	GlobalSection(SolutionProperties) = preSolution
		HideSolutionNode = FALSE
	EndGlobalSection
	GlobalSection(ProjectConfigurationPlatforms) = postSolution
		{1DB6A87E-FE9A-470A-B465-166C026C7F9B}.Debug|Any CPU.ActiveCfg = Debug|Any CPU
		{1DB6A87E-FE9A-470A-B465-166C026C7F9B}.Debug|Any CPU.Build.0 = Debug|Any CPU
		{1DB6A87E-FE9A-470A-B465-166C026C7F9B}.Debug|x64.ActiveCfg = Debug|Any CPU
		{1DB6A87E-FE9A-470A-B465-166C026C7F9B}.Debug|x64.Build.0 = Debug|Any CPU
		{1DB6A87E-FE9A-470A-B465-166C026C7F9B}.Debug|x86.ActiveCfg = Debug|Any CPU
		{1DB6A87E-FE9A-470A-B465-166C026C7F9B}.Debug|x86.Build.0 = Debug|Any CPU
		{1DB6A87E-FE9A-470A-B465-166C026C7F9B}.Release|Any CPU.ActiveCfg = Release|Any CPU
		{1DB6A87E-FE9A-470A-B465-166C026C7F9B}.Release|Any CPU.Build.0 = Release|Any CPU
		{1DB6A87E-FE9A-470A-B465-166C026C7F9B}.Release|x64.ActiveCfg = Release|Any CPU
		{1DB6A87E-FE9A-470A-B465-166C026C7F9B}.Release|x64.Build.0 = Release|Any CPU
		{1DB6A87E-FE9A-470A-B465-166C026C7F9B}.Release|x86.ActiveCfg = Release|Any CPU
		{1DB6A87E-FE9A-470A-B465-166C026C7F9B}.Release|x86.Build.0 = Release|Any CPU
		{480D25F9-575D-4D27-8B0E-CD7BF4B02764}.Debug|Any CPU.ActiveCfg = Debug|Any CPU
		{480D25F9-575D-4D27-8B0E-CD7BF4B02764}.Debug|Any CPU.Build.0 = Debug|Any CPU
		{480D25F9-575D-4D27-8B0E-CD7BF4B02764}.Debug|x64.ActiveCfg = Debug|Any CPU
		{480D25F9-575D-4D27-8B0E-CD7BF4B02764}.Debug|x64.Build.0 = Debug|Any CPU
		{480D25F9-575D-4D27-8B0E-CD7BF4B02764}.Debug|x86.ActiveCfg = Debug|Any CPU
		{480D25F9-575D-4D27-8B0E-CD7BF4B02764}.Debug|x86.Build.0 = Debug|Any CPU
		{480D25F9-575D-4D27-8B0E-CD7BF4B02764}.Release|Any CPU.ActiveCfg = Release|Any CPU
		{480D25F9-575D-4D27-8B0E-CD7BF4B02764}.Release|Any CPU.Build.0 = Release|Any CPU
		{480D25F9-575D-4D27-8B0E-CD7BF4B02764}.Release|x64.ActiveCfg = Release|Any CPU
		{480D25F9-575D-4D27-8B0E-CD7BF4B02764}.Release|x64.Build.0 = Release|Any CPU
		{480D25F9-575D-4D27-8B0E-CD7BF4B02764}.Release|x86.ActiveCfg = Release|Any CPU
		{480D25F9-575D-4D27-8B0E-CD7BF4B02764}.Release|x86.Build.0 = Release|Any CPU
	EndGlobalSection
EndGlobal
